{
  "name": "insurance-annual-report",
  "version": "4.0.0",
  "lockfileVersion": 3,
  "requires": true,
  "packages": {
    "": {
      "name": "insurance-annual-report",
      "version": "4.0.0",
      "dependencies": {
        "pdfjs-dist": "^3.11.174"
      }
    },
    "node_modules/pdfjs-dist": {
      "version": "3.11.174",
      "resolved": "https://registry.npmjs.org/pdfjs-dist/-/pdfjs-dist-3.11.174.tgz",
      "integrity": "sha512-TdTZPf1trZ8/UFu5Cx/GXB7GZM30LT+wWUNfsi6Bq8ePLnb+woNKtDymI2mxZYBpMbonNFqKmiz684DIfnd8dA==",
      "license": "Apache-2.0",
      "optionalDependencies": {
        "canvas": "^2.11.2",
        "path2d-polyfill": "^2.0.1"
      },
      "dependencies": {
        "canvas": "^2.11.2",
        "path2d-polyfill": "^2.0.1"
      }
    }
  }
}
